{
  "name": "simple-predict-tfjs-vanilla",
  "version": "1.0.0",
  "lockfileVersion": 1,
  "requires": true,
  "dependencies": {
    "@tensorflow/tfjs": {
      "version": "0.10.3",
      "resolved": "https://registry.npmjs.org/@tensorflow/tfjs/-/tfjs-0.10.3.tgz",
      "integrity": "sha512-3j/GZNOs7QFuWhdBnyj1+Ot0OLM5uMS/tzvTQlPCZwmD/kq1448XpWSh0nJsSMhuN0TGEFTe4DTu8jVs44K9uw==",
      "requires": {
        "@tensorflow/tfjs-core": "0.8.4",
        "@tensorflow/tfjs-layers": "0.5.3"
      }
    },
    "@tensorflow/tfjs-core": {
      "version": "0.8.4",
      "resolved": "https://registry.npmjs.org/@tensorflow/tfjs-core/-/tfjs-core-0.8.4.tgz",
      "integrity": "sha512-8sq2B391UtqELupdWpghElWJXYQVV6QIyvLipN8KLuIzbThbn4qXMOeHgGtu2C+cKMdGg21UzNrGSgfTKiPB3g==",
      "requires": {
        "seedrandom": "2.4.3"
      }
    },
    "@tensorflow/tfjs-layers": {
      "version": "0.5.3",
      "resolved": "https://registry.npmjs.org/@tensorflow/tfjs-layers/-/tfjs-layers-0.5.3.tgz",
      "integrity": "sha512-GNGVnbg8FPTwEglZp1VDuxVkAUMmC9oPkuz1kTExdfEJyPywGxyIfCNs6sJn5b1XupGazautbnGWOe13qDDH3Q=="
    },
    "seedrandom": {
      "version": "2.4.3",
      "resolved": "https://registry.npmjs.org/seedrandom/-/seedrandom-2.4.3.tgz",
      "integrity": "sha1-JDhQTa0zkXMUv/GKxNeU8W1qrsw="
    }
  }
}
